// !$*UTF8*$!
{
	archiveVersion = 1;
	classes = {
	};
	objectVersion = 46;
	objects = {

/* Begin PBXBuildFile section */
		4B1D39F0BB02DCB65D8A3BC7 /* Pods_DevslopesSocial.framework in Frameworks */ = {isa = PBXBuildFile; fileRef = 04F5DD4BBEC79E940731D237 /* Pods_DevslopesSocial.framework */; };
		FFCD7D0E1DF48A570087156A /* AppDelegate.swift in Sources */ = {isa = PBXBuildFile; fileRef = FFCD7D0D1DF48A570087156A /* AppDelegate.swift */; };
		FFCD7D101DF48A570087156A /* SignInVC.swift in Sources */ = {isa = PBXBuildFile; fileRef = FFCD7D0F1DF48A570087156A /* SignInVC.swift */; };
		FFCD7D131DF48A570087156A /* Main.storyboard in Resources */ = {isa = PBXBuildFile; fileRef = FFCD7D111DF48A570087156A /* Main.storyboard */; };
		FFCD7D151DF48A570087156A /* Assets.xcassets in Resources */ = {isa = PBXBuildFile; fileRef = FFCD7D141DF48A570087156A /* Assets.xcassets */; };
		FFCD7D181DF48A570087156A /* LaunchScreen.storyboard in Resources */ = {isa = PBXBuildFile; fileRef = FFCD7D161DF48A570087156A /* LaunchScreen.storyboard */; };
		FFCD7D201DF48AD10087156A /* GoogleService-Info.plist in Resources */ = {isa = PBXBuildFile; fileRef = FFCD7D1F1DF48AD10087156A /* GoogleService-Info.plist */; };
		FFCD7D251DF653340087156A /* CustomFancyView.swift in Sources */ = {isa = PBXBuildFile; fileRef = FFCD7D241DF653340087156A /* CustomFancyView.swift */; };
		FFCD7D281DF653A20087156A /* Constants.swift in Sources */ = {isa = PBXBuildFile; fileRef = FFCD7D271DF653A20087156A /* Constants.swift */; };
		FFCD7D2A1DF654F60087156A /* RoundButton.swift in Sources */ = {isa = PBXBuildFile; fileRef = FFCD7D291DF654F60087156A /* RoundButton.swift */; };
		FFCD7D2C1DF655FA0087156A /* FancyField.swift in Sources */ = {isa = PBXBuildFile; fileRef = FFCD7D2B1DF655FA0087156A /* FancyField.swift */; };
		FFCD7D2E1DF656CA0087156A /* FancyButton.swift in Sources */ = {isa = PBXBuildFile; fileRef = FFCD7D2D1DF656CA0087156A /* FancyButton.swift */; };
		FFCD7D301DF7BB9E0087156A /* FeedVC.swift in Sources */ = {isa = PBXBuildFile; fileRef = FFCD7D2F1DF7BB9E0087156A /* FeedVC.swift */; };
		FFCD7D321DF7C9C60087156A /* CircleView.swift in Sources */ = {isa = PBXBuildFile; fileRef = FFCD7D311DF7C9C60087156A /* CircleView.swift */; };
/* End PBXBuildFile section */

/* Begin PBXFileReference section */
		04F5DD4BBEC79E940731D237 /* Pods_DevslopesSocial.framework */ = {isa = PBXFileReference; explicitFileType = wrapper.framework; includeInIndex = 0; path = Pods_DevslopesSocial.framework; sourceTree = BUILT_PRODUCTS_DIR; };
		DC3B3C63268EB33571212AE3 /* Pods-DevslopesSocial.debug.xcconfig */ = {isa = PBXFileReference; includeInIndex = 1; lastKnownFileType = text.xcconfig; name = "Pods-DevslopesSocial.debug.xcconfig"; path = "Pods/Target Support Files/Pods-DevslopesSocial/Pods-DevslopesSocial.debug.xcconfig"; sourceTree = "<group>"; };
		FFA0CC008C303F66CBB59469 /* Pods-DevslopesSocial.release.xcconfig */ = {isa = PBXFileReference; includeInIndex = 1; lastKnownFileType = text.xcconfig; name = "Pods-DevslopesSocial.release.xcconfig"; path = "Pods/Target Support Files/Pods-DevslopesSocial/Pods-DevslopesSocial.release.xcconfig"; sourceTree = "<group>"; };
		FFCD7D0A1DF48A570087156A /* DevslopesSocial.app */ = {isa = PBXFileReference; explicitFileType = wrapper.application; includeInIndex = 0; path = DevslopesSocial.app; sourceTree = BUILT_PRODUCTS_DIR; };
		FFCD7D0D1DF48A570087156A /* AppDelegate.swift */ = {isa = PBXFileReference; lastKnownFileType = sourcecode.swift; path = AppDelegate.swift; sourceTree = "<group>"; };
		FFCD7D0F1DF48A570087156A /* SignInVC.swift */ = {isa = PBXFileReference; lastKnownFileType = sourcecode.swift; path = SignInVC.swift; sourceTree = "<group>"; };
		FFCD7D121DF48A570087156A /* Base */ = {isa = PBXFileReference; lastKnownFileType = file.storyboard; name = Base; path = Base.lproj/Main.storyboard; sourceTree = "<group>"; };
		FFCD7D141DF48A570087156A /* Assets.xcassets */ = {isa = PBXFileReference; lastKnownFileType = folder.assetcatalog; path = Assets.xcassets; sourceTree = "<group>"; };
		FFCD7D171DF48A570087156A /* Base */ = {isa = PBXFileReference; lastKnownFileType = file.storyboard; name = Base; path = Base.lproj/LaunchScreen.storyboard; sourceTree = "<group>"; };
		FFCD7D191DF48A570087156A /* Info.plist */ = {isa = PBXFileReference; lastKnownFileType = text.plist.xml; path = Info.plist; sourceTree = "<group>"; };
		FFCD7D1F1DF48AD10087156A /* GoogleService-Info.plist */ = {isa = PBXFileReference; fileEncoding = 4; lastKnownFileType = text.plist.xml; path = "GoogleService-Info.plist"; sourceTree = "<group>"; };
		FFCD7D241DF653340087156A /* CustomFancyView.swift */ = {isa = PBXFileReference; fileEncoding = 4; lastKnownFileType = sourcecode.swift; path = CustomFancyView.swift; sourceTree = "<group>"; };
		FFCD7D271DF653A20087156A /* Constants.swift */ = {isa = PBXFileReference; fileEncoding = 4; lastKnownFileType = sourcecode.swift; path = Constants.swift; sourceTree = "<group>"; };
		FFCD7D291DF654F60087156A /* RoundButton.swift */ = {isa = PBXFileReference; fileEncoding = 4; lastKnownFileType = sourcecode.swift; path = RoundButton.swift; sourceTree = "<group>"; };
		FFCD7D2B1DF655FA0087156A /* FancyField.swift */ = {isa = PBXFileReference; fileEncoding = 4; lastKnownFileType = sourcecode.swift; path = FancyField.swift; sourceTree = "<group>"; };
		FFCD7D2D1DF656CA0087156A /* FancyButton.swift */ = {isa = PBXFileReference; fileEncoding = 4; lastKnownFileType = sourcecode.swift; path = FancyButton.swift; sourceTree = "<group>"; };
		FFCD7D2F1DF7BB9E0087156A /* FeedVC.swift */ = {isa = PBXFileReference; fileEncoding = 4; lastKnownFileType = sourcecode.swift; path = FeedVC.swift; sourceTree = "<group>"; };
		FFCD7D311DF7C9C60087156A /* CircleView.swift */ = {isa = PBXFileReference; fileEncoding = 4; lastKnownFileType = sourcecode.swift; path = CircleView.swift; sourceTree = "<group>"; };
/* End PBXFileReference section */

/* Begin PBXFrameworksBuildPhase section */
		FFCD7D071DF48A570087156A /* Frameworks */ = {
			isa = PBXFrameworksBuildPhase;
			buildActionMask = 2147483647;
			files = (
				4B1D39F0BB02DCB65D8A3BC7 /* Pods_DevslopesSocial.framework in Frameworks */,
			);
			runOnlyForDeploymentPostprocessing = 0;
		};
/* End PBXFrameworksBuildPhase section */

/* Begin PBXGroup section */
		8DB68205ADBD031EE8639F5E /* Pods */ = {
			isa = PBXGroup;
			children = (
				DC3B3C63268EB33571212AE3 /* Pods-DevslopesSocial.debug.xcconfig */,
				FFA0CC008C303F66CBB59469 /* Pods-DevslopesSocial.release.xcconfig */,
			);
			name = Pods;
			sourceTree = "<group>";
		};
		D011B923841AA069BA3F2342 /* Frameworks */ = {
			isa = PBXGroup;
			children = (
				04F5DD4BBEC79E940731D237 /* Pods_DevslopesSocial.framework */,
			);
			name = Frameworks;
			sourceTree = "<group>";
		};
		FFCD7D011DF48A570087156A = {
			isa = PBXGroup;
			children = (
				FFCD7D0C1DF48A570087156A /* DevslopesSocial */,
				FFCD7D0B1DF48A570087156A /* Products */,
				8DB68205ADBD031EE8639F5E /* Pods */,
				D011B923841AA069BA3F2342 /* Frameworks */,
			);
			sourceTree = "<group>";
		};
		FFCD7D0B1DF48A570087156A /* Products */ = {
			isa = PBXGroup;
			children = (
				FFCD7D0A1DF48A570087156A /* DevslopesSocial.app */,
			);
			name = Products;
			sourceTree = "<group>";
		};
		FFCD7D0C1DF48A570087156A /* DevslopesSocial */ = {
			isa = PBXGroup;
			children = (
				FFCD7D261DF653920087156A /* Util */,
				FFCD7D231DF48D690087156A /* Model */,
				FFCD7D221DF48D670087156A /* View */,
				FFCD7D211DF48D650087156A /* Controller */,
				FFCD7D0D1DF48A570087156A /* AppDelegate.swift */,
				FFCD7D111DF48A570087156A /* Main.storyboard */,
				FFCD7D141DF48A570087156A /* Assets.xcassets */,
				FFCD7D161DF48A570087156A /* LaunchScreen.storyboard */,
				FFCD7D191DF48A570087156A /* Info.plist */,
				FFCD7D1F1DF48AD10087156A /* GoogleService-Info.plist */,
			);
			path = DevslopesSocial;
			sourceTree = "<group>";
		};
		FFCD7D211DF48D650087156A /* Controller */ = {
			isa = PBXGroup;
			children = (
				FFCD7D0F1DF48A570087156A /* SignInVC.swift */,
				FFCD7D2F1DF7BB9E0087156A /* FeedVC.swift */,
			);
			name = Controller;
			sourceTree = "<group>";
		};
		FFCD7D221DF48D670087156A /* View */ = {
			isa = PBXGroup;
			children = (
				FFCD7D241DF653340087156A /* CustomFancyView.swift */,
				FFCD7D291DF654F60087156A /* RoundButton.swift */,
				FFCD7D2B1DF655FA0087156A /* FancyField.swift */,
				FFCD7D2D1DF656CA0087156A /* FancyButton.swift */,
				FFCD7D311DF7C9C60087156A /* CircleView.swift */,
			);
			name = View;
			sourceTree = "<group>";
		};
		FFCD7D231DF48D690087156A /* Model */ = {
			isa = PBXGroup;
			children = (
			);
			name = Model;
			sourceTree = "<group>";
		};
		FFCD7D261DF653920087156A /* Util */ = {
			isa = PBXGroup;
			children = (
				FFCD7D271DF653A20087156A /* Constants.swift */,
			);
			name = Util;
			sourceTree = "<group>";
		};
/* End PBXGroup section */

/* Begin PBXNativeTarget section */
		FFCD7D091DF48A570087156A /* DevslopesSocial */ = {
			isa = PBXNativeTarget;
			buildConfigurationList = FFCD7D1C1DF48A570087156A /* Build configuration list for PBXNativeTarget "DevslopesSocial" */;
			buildPhases = (
				00411A205C937B19F7F8FEF8 /* [CP] Check Pods Manifest.lock */,
				FFCD7D061DF48A570087156A /* Sources */,
				FFCD7D071DF48A570087156A /* Frameworks */,
				FFCD7D081DF48A570087156A /* Resources */,
				EFCFE872AC0F2B05793D5ECD /* [CP] Embed Pods Frameworks */,
				029423D698D66B626EB73C6F /* [CP] Copy Pods Resources */,
			);
			buildRules = (
			);
			dependencies = (
			);
			name = DevslopesSocial;
			productName = DevslopesSocial;
			productReference = FFCD7D0A1DF48A570087156A /* DevslopesSocial.app */;
			productType = "com.apple.product-type.application";
		};
/* End PBXNativeTarget section */

/* Begin PBXProject section */
		FFCD7D021DF48A570087156A /* Project object */ = {
			isa = PBXProject;
			attributes = {
				LastSwiftUpdateCheck = 0810;
				LastUpgradeCheck = 0810;
				ORGANIZATIONNAME = "Nichanan Kesonpat";
				TargetAttributes = {
					FFCD7D091DF48A570087156A = {
						CreatedOnToolsVersion = 8.1;
						DevelopmentTeam = 6898B5MLJW;
						ProvisioningStyle = Automatic;
					};
				};
			};
			buildConfigurationList = FFCD7D051DF48A570087156A /* Build configuration list for PBXProject "DevslopesSocial" */;
			compatibilityVersion = "Xcode 3.2";
			developmentRegion = English;
			hasScannedForEncodings = 0;
			knownRegions = (
				en,
				Base,
			);
			mainGroup = FFCD7D011DF48A570087156A;
			productRefGroup = FFCD7D0B1DF48A570087156A /* Products */;
			projectDirPath = "";
			projectRoot = "";
			targets = (
				FFCD7D091DF48A570087156A /* DevslopesSocial */,
			);
		};
/* End PBXProject section */

/* Begin PBXResourcesBuildPhase section */
		FFCD7D081DF48A570087156A /* Resources */ = {
			isa = PBXResourcesBuildPhase;
			buildActionMask = 2147483647;
			files = (
				FFCD7D181DF48A570087156A /* LaunchScreen.storyboard in Resources */,
				FFCD7D151DF48A570087156A /* Assets.xcassets in Resources */,
				FFCD7D131DF48A570087156A /* Main.storyboard in Resources */,
				FFCD7D201DF48AD10087156A /* GoogleService-Info.plist in Resources */,
			);
			runOnlyForDeploymentPostprocessing = 0;
		};
/* End PBXResourcesBuildPhase section */

/* Begin PBXShellScriptBuildPhase section */
		00411A205C937B19F7F8FEF8 /* [CP] Check Pods Manifest.lock */ = {
			isa = PBXShellScriptBuildPhase;
			buildActionMask = 2147483647;
			files = (
			);
			inputPaths = (
			);
			name = "[CP] Check Pods Manifest.lock";
			outputPaths = (
			);
			runOnlyForDeploymentPostprocessing = 0;
			shellPath = /bin/sh;
			shellScript = "diff \"${PODS_ROOT}/../Podfile.lock\" \"${PODS_ROOT}/Manifest.lock\" > /dev/null\nif [ $? != 0 ] ; then\n    # print error to STDERR\n    echo \"error: The sandbox is not in sync with the Podfile.lock. Run 'pod install' or update your CocoaPods installation.\" >&2\n    exit 1\nfi\n";
			showEnvVarsInLog = 0;
		};
		029423D698D66B626EB73C6F /* [CP] Copy Pods Resources */ = {
			isa = PBXShellScriptBuildPhase;
			buildActionMask = 2147483647;
			files = (
			);
			inputPaths = (
			);
			name = "[CP] Copy Pods Resources";
			outputPaths = (
			);
			runOnlyForDeploymentPostprocessing = 0;
			shellPath = /bin/sh;
			shellScript = "\"${SRCROOT}/Pods/Target Support Files/Pods-DevslopesSocial/Pods-DevslopesSocial-resources.sh\"\n";
			showEnvVarsInLog = 0;
		};
		EFCFE872AC0F2B05793D5ECD /* [CP] Embed Pods Frameworks */ = {
			isa = PBXShellScriptBuildPhase;
			buildActionMask = 2147483647;
			files = (
			);
			inputPaths = (
			);
			name = "[CP] Embed Pods Frameworks";
			outputPaths = (
			);
			runOnlyForDeploymentPostprocessing = 0;
			shellPath = /bin/sh;
			shellScript = "\"${SRCROOT}/Pods/Target Support Files/Pods-DevslopesSocial/Pods-DevslopesSocial-frameworks.sh\"\n";
			showEnvVarsInLog = 0;
		};
/* End PBXShellScriptBuildPhase section */

/* Begin PBXSourcesBuildPhase section */
		FFCD7D061DF48A570087156A /* Sources */ = {
			isa = PBXSourcesBuildPhase;
			buildActionMask = 2147483647;
			files = (
				FFCD7D321DF7C9C60087156A /* CircleView.swift in Sources */,
				FFCD7D2C1DF655FA0087156A /* FancyField.swift in Sources */,
				FFCD7D301DF7BB9E0087156A /* FeedVC.swift in Sources */,
				FFCD7D251DF653340087156A /* CustomFancyView.swift in Sources */,
				FFCD7D2A1DF654F60087156A /* RoundButton.swift in Sources */,
				FFCD7D2E1DF656CA0087156A /* FancyButton.swift in Sources */,
				FFCD7D101DF48A570087156A /* SignInVC.swift in Sources */,
				FFCD7D0E1DF48A570087156A /* AppDelegate.swift in Sources */,
				FFCD7D281DF653A20087156A /* Constants.swift in Sources */,
			);
			runOnlyForDeploymentPostprocessing = 0;
		};
/* End PBXSourcesBuildPhase section */

/* Begin PBXVariantGroup section */
		FFCD7D111DF48A570087156A /* Main.storyboard */ = {
			isa = PBXVariantGroup;
			children = (
				FFCD7D121DF48A570087156A /* Base */,
			);
			name = Main.storyboard;
			sourceTree = "<group>";
		};
		FFCD7D161DF48A570087156A /* LaunchScreen.storyboard */ = {
			isa = PBXVariantGroup;
			children = (
				FFCD7D171DF48A570087156A /* Base */,
			);
			name = LaunchScreen.storyboard;
			sourceTree = "<group>";
		};
/* End PBXVariantGroup section */

/* Begin XCBuildConfiguration section */
		FFCD7D1A1DF48A570087156A /* Debug */ = {
			isa = XCBuildConfiguration;
			buildSettings = {
				ALWAYS_SEARCH_USER_PATHS = NO;
				CLANG_ANALYZER_NONNULL = YES;
				CLANG_CXX_LANGUAGE_STANDARD = "gnu++0x";
				CLANG_CXX_LIBRARY = "libc++";
				CLANG_ENABLE_MODULES = YES;
				CLANG_ENABLE_OBJC_ARC = YES;
				CLANG_WARN_BOOL_CONVERSION = YES;
				CLANG_WARN_CONSTANT_CONVERSION = YES;
				CLANG_WARN_DIRECT_OBJC_ISA_USAGE = YES_ERROR;
				CLANG_WARN_DOCUMENTATION_COMMENTS = YES;
				CLANG_WARN_EMPTY_BODY = YES;
				CLANG_WARN_ENUM_CONVERSION = YES;
				CLANG_WARN_INFINITE_RECURSION = YES;
				CLANG_WARN_INT_CONVERSION = YES;
				CLANG_WARN_OBJC_ROOT_CLASS = YES_ERROR;
				CLANG_WARN_SUSPICIOUS_MOVES = YES;
				CLANG_WARN_UNREACHABLE_CODE = YES;
				CLANG_WARN__DUPLICATE_METHOD_MATCH = YES;
				"CODE_SIGN_IDENTITY[sdk=iphoneos*]" = "iPhone Developer";
				COPY_PHASE_STRIP = NO;
				DEBUG_INFORMATION_FORMAT = dwarf;
				ENABLE_STRICT_OBJC_MSGSEND = YES;
				ENABLE_TESTABILITY = YES;
				GCC_C_LANGUAGE_STANDARD = gnu99;
				GCC_DYNAMIC_NO_PIC = NO;
				GCC_NO_COMMON_BLOCKS = YES;
				GCC_OPTIMIZATION_LEVEL = 0;
				GCC_PREPROCESSOR_DEFINITIONS = (
					"DEBUG=1",
					"$(inherited)",
				);
				GCC_WARN_64_TO_32_BIT_CONVERSION = YES;
				GCC_WARN_ABOUT_RETURN_TYPE = YES_ERROR;
				GCC_WARN_UNDECLARED_SELECTOR = YES;
				GCC_WARN_UNINITIALIZED_AUTOS = YES_AGGRESSIVE;
				GCC_WARN_UNUSED_FUNCTION = YES;
				GCC_WARN_UNUSED_VARIABLE = YES;
				IPHONEOS_DEPLOYMENT_TARGET = 10.1;
				MTL_ENABLE_DEBUG_INFO = YES;
				ONLY_ACTIVE_ARCH = YES;
				SDKROOT = iphoneos;
				SWIFT_ACTIVE_COMPILATION_CONDITIONS = DEBUG;
				SWIFT_OPTIMIZATION_LEVEL = "-Onone";
				TARGETED_DEVICE_FAMILY = "1,2";
			};
			name = Debug;
		};
		FFCD7D1B1DF48A570087156A /* Release */ = {
			isa = XCBuildConfiguration;
			buildSettings = {
				ALWAYS_SEARCH_USER_PATHS = NO;
				CLANG_ANALYZER_NONNULL = YES;
				CLANG_CXX_LANGUAGE_STANDARD = "gnu++0x";
				CLANG_CXX_LIBRARY = "libc++";
				CLANG_ENABLE_MODULES = YES;
				CLANG_ENABLE_OBJC_ARC = YES;
				CLANG_WARN_BOOL_CONVERSION = YES;
				CLANG_WARN_CONSTANT_CONVERSION = YES;
				CLANG_WARN_DIRECT_OBJC_ISA_USAGE = YES_ERROR;
				CLANG_WARN_DOCUMENTATION_COMMENTS = YES;
				CLANG_WARN_EMPTY_BODY = YES;
				CLANG_WARN_ENUM_CONVERSION = YES;
				CLANG_WARN_INFINITE_RECURSION = YES;
				CLANG_WARN_INT_CONVERSION = YES;
				CLANG_WARN_OBJC_ROOT_CLASS = YES_ERROR;
				CLANG_WARN_SUSPICIOUS_MOVES = YES;
				CLANG_WARN_UNREACHABLE_CODE = YES;
				CLANG_WARN__DUPLICATE_METHOD_MATCH = YES;
				"CODE_SIGN_IDENTITY[sdk=iphoneos*]" = "iPhone Developer";
				COPY_PHASE_STRIP = NO;
				DEBUG_INFORMATION_FORMAT = "dwarf-with-dsym";
				ENABLE_NS_ASSERTIONS = NO;
				ENABLE_STRICT_OBJC_MSGSEND = YES;
				GCC_C_LANGUAGE_STANDARD = gnu99;
				GCC_NO_COMMON_BLOCKS = YES;
				GCC_WARN_64_TO_32_BIT_CONVERSION = YES;
				GCC_WARN_ABOUT_RETURN_TYPE = YES_ERROR;
				GCC_WARN_UNDECLARED_SELECTOR = YES;
				GCC_WARN_UNINITIALIZED_AUTOS = YES_AGGRESSIVE;
				GCC_WARN_UNUSED_FUNCTION = YES;
				GCC_WARN_UNUSED_VARIABLE = YES;
				IPHONEOS_DEPLOYMENT_TARGET = 10.1;
				MTL_ENABLE_DEBUG_INFO = NO;
				SDKROOT = iphoneos;
				SWIFT_OPTIMIZATION_LEVEL = "-Owholemodule";
				TARGETED_DEVICE_FAMILY = "1,2";
				VALIDATE_PRODUCT = YES;
			};
			name = Release;
		};
		FFCD7D1D1DF48A570087156A /* Debug */ = {
			isa = XCBuildConfiguration;
			baseConfigurationReference = DC3B3C63268EB33571212AE3 /* Pods-DevslopesSocial.debug.xcconfig */;
			buildSettings = {
				ASSETCATALOG_COMPILER_APPICON_NAME = AppIcon;
				DEVELOPMENT_TEAM = 6898B5MLJW;
				INFOPLIST_FILE = DevslopesSocial/Info.plist;
				LD_RUNPATH_SEARCH_PATHS = "$(inherited) @executable_path/Frameworks";
				PRODUCT_BUNDLE_IDENTIFIER = com.Nichanan.DevslopesSocial;
				PRODUCT_NAME = "$(TARGET_NAME)";
				SWIFT_VERSION = 3.0;
			};
			name = Debug;
		};
		FFCD7D1E1DF48A570087156A /* Release */ = {
			isa = XCBuildConfiguration;
			baseConfigurationReference = FFA0CC008C303F66CBB59469 /* Pods-DevslopesSocial.release.xcconfig */;
			buildSettings = {
				ASSETCATALOG_COMPILER_APPICON_NAME = AppIcon;
				DEVELOPMENT_TEAM = 6898B5MLJW;
				INFOPLIST_FILE = DevslopesSocial/Info.plist;
				LD_RUNPATH_SEARCH_PATHS = "$(inherited) @executable_path/Frameworks";
				PRODUCT_BUNDLE_IDENTIFIER = com.Nichanan.DevslopesSocial;
				PRODUCT_NAME = "$(TARGET_NAME)";
				SWIFT_VERSION = 3.0;
			};
			name = Release;
		};
/* End XCBuildConfiguration section */

/* Begin XCConfigurationList section */
		FFCD7D051DF48A570087156A /* Build configuration list for PBXProject "DevslopesSocial" */ = {
			isa = XCConfigurationList;
			buildConfigurations = (
				FFCD7D1A1DF48A570087156A /* Debug */,
				FFCD7D1B1DF48A570087156A /* Release */,
			);
			defaultConfigurationIsVisible = 0;
			defaultConfigurationName = Release;
		};
		FFCD7D1C1DF48A570087156A /* Build configuration list for PBXNativeTarget "DevslopesSocial" */ = {
			isa = XCConfigurationList;
			buildConfigurations = (
				FFCD7D1D1DF48A570087156A /* Debug */,
				FFCD7D1E1DF48A570087156A /* Release */,
			);
			defaultConfigurationIsVisible = 0;
			defaultConfigurationName = Release;
		};
/* End XCConfigurationList section */
	};
	rootObject = FFCD7D021DF48A570087156A /* Project object */;
}
